{
  "name": "e-thesaurus-ui",
  "version": "0.0.1",
  "lockfileVersion": 2,
  "requires": true,
  "packages": {
    "": {
      "name": "e-thesaurus-ui",
      "version": "0.0.1",
      "license": "Apache-2.0",
      "devDependencies": {
        "@types/showdown": "^2.0.0",
        "lit-css-loader": "^2.0.0",
        "showdown": "^2.1.0"
      }
    },
    "node_modules/@pwrs/lit-css": {
      "version": "2.0.0",
      "resolved": "https://registry.npmjs.org/@pwrs/lit-css/-/lit-css-2.0.0.tgz",
      "integrity": "sha512-Yb2Q+7ZlCfdCbQ4tvlpQ9uzwB2yc340fdEoeUu2FdO3w6z4+YLPQAPerV1XA8uFxQtSn88nCW4kH+J0TVL3Iyg==",
      "dev": true,
      "dependencies": {
        "string-to-template-literal": "^2.0.0",
        "uglifycss": "^0.0.29"
      }
    },
    "node_modules/@types/showdown": {
      "version": "2.0.0",
      "resolved": "https://registry.npmjs.org/@types/showdown/-/showdown-2.0.0.tgz",
      "integrity": "sha512-70xBJoLv+oXjB5PhtA8vo7erjLDp9/qqI63SRHm4REKrwuPOLs8HhXwlZJBJaB4kC18cCZ1UUZ6Fb/PLFW4TCA==",
      "dev": true
    },
    "node_modules/commander": {
      "version": "9.5.0",
      "resolved": "https://registry.npmjs.org/commander/-/commander-9.5.0.tgz",
      "integrity": "sha512-KRs7WVDKg86PWiuAqhDrAQnTXZKraVcCc6vFdL14qrZ/DcWwuRo7VoiYXalXO7S5GKpqYiVEwCbgFDfxNHKJBQ==",
      "dev": true,
      "engines": {
        "node": "^12.20.0 || >=14"
      }
    },
    "node_modules/lit-css-loader": {
      "version": "2.0.0",
      "resolved": "https://registry.npmjs.org/lit-css-loader/-/lit-css-loader-2.0.0.tgz",
      "integrity": "sha512-YFpwcBunB6AfW83JafNl4amSfwgkvzaz+CZnDOM61efmo2biCoqbWy0TBdc1wBZ4xIatLi56+uHybNXDY1QsFg==",
      "dev": true,
      "dependencies": {
        "@pwrs/lit-css": "^2.0.0",
        "loader-utils": "^3.2.0"
      }
    },
    "node_modules/loader-utils": {
      "version": "3.2.1",
      "resolved": "https://registry.npmjs.org/loader-utils/-/loader-utils-3.2.1.tgz",
      "integrity": "sha512-ZvFw1KWS3GVyYBYb7qkmRM/WwL2TQQBxgCK62rlvm4WpVQ23Nb4tYjApUlfjrEGvOs7KHEsmyUn75OHZrJMWPw==",
      "dev": true,
      "engines": {
        "node": ">= 12.13.0"
      }
    },
    "node_modules/showdown": {
      "version": "2.1.0",
      "resolved": "https://registry.npmjs.org/showdown/-/showdown-2.1.0.tgz",
      "integrity": "sha512-/6NVYu4U819R2pUIk79n67SYgJHWCce0a5xTP979WbNp0FL9MN1I1QK662IDU1b6JzKTvmhgI7T7JYIxBi3kMQ==",
      "dev": true,
      "dependencies": {
        "commander": "^9.0.0"
      },
      "bin": {
        "showdown": "bin/showdown.js"
      },
      "funding": {
        "type": "individual",
        "url": "https://www.paypal.me/tiviesantos"
      }
    },
    "node_modules/string-to-template-literal": {
      "version": "2.0.0",
      "resolved": "https://registry.npmjs.org/string-to-template-literal/-/string-to-template-literal-2.0.0.tgz",
      "integrity": "sha512-AbTUWHXMyoRlTFP9qe013dfGTFq1XbcBLUoLC7PcumbJewtUwNXCvnko5cH2gZkUFC7kD2Fwxiv4YIndkU0xHA==",
      "dev": true,
      "engines": {
        "node": ">=12.0.0"
      }
    },
    "node_modules/uglifycss": {
      "version": "0.0.29",
      "resolved": "https://registry.npmjs.org/uglifycss/-/uglifycss-0.0.29.tgz",
      "integrity": "sha512-J2SQ2QLjiknNGbNdScaNZsXgmMGI0kYNrXaDlr4obnPW9ni1jljb1NeEVWAiTgZ8z+EBWP2ozfT9vpy03rjlMQ==",
      "dev": true,
      "bin": {
        "uglifycss": "uglifycss"
      },
      "engines": {
        "node": ">=6.4.0"
      }
    }
  },
  "dependencies": {
    "@pwrs/lit-css": {
      "version": "2.0.0",
      "resolved": "https://registry.npmjs.org/@pwrs/lit-css/-/lit-css-2.0.0.tgz",
      "integrity": "sha512-Yb2Q+7ZlCfdCbQ4tvlpQ9uzwB2yc340fdEoeUu2FdO3w6z4+YLPQAPerV1XA8uFxQtSn88nCW4kH+J0TVL3Iyg==",
      "dev": true,
      "requires": {
        "string-to-template-literal": "^2.0.0",
        "uglifycss": "^0.0.29"
      }
    },
    "@types/showdown": {
      "version": "2.0.0",
      "resolved": "https://registry.npmjs.org/@types/showdown/-/showdown-2.0.0.tgz",
      "integrity": "sha512-70xBJoLv+oXjB5PhtA8vo7erjLDp9/qqI63SRHm4REKrwuPOLs8HhXwlZJBJaB4kC18cCZ1UUZ6Fb/PLFW4TCA==",
      "dev": true
    },
    "commander": {
      "version": "9.5.0",
      "resolved": "https://registry.npmjs.org/commander/-/commander-9.5.0.tgz",
      "integrity": "sha512-KRs7WVDKg86PWiuAqhDrAQnTXZKraVcCc6vFdL14qrZ/DcWwuRo7VoiYXalXO7S5GKpqYiVEwCbgFDfxNHKJBQ==",
      "dev": true
    },
    "lit-css-loader": {
      "version": "2.0.0",
      "resolved": "https://registry.npmjs.org/lit-css-loader/-/lit-css-loader-2.0.0.tgz",
      "integrity": "sha512-YFpwcBunB6AfW83JafNl4amSfwgkvzaz+CZnDOM61efmo2biCoqbWy0TBdc1wBZ4xIatLi56+uHybNXDY1QsFg==",
      "dev": true,
      "requires": {
        "@pwrs/lit-css": "^2.0.0",
        "loader-utils": "^3.2.0"
      }
    },
    "loader-utils": {
      "version": "3.2.1",
      "resolved": "https://registry.npmjs.org/loader-utils/-/loader-utils-3.2.1.tgz",
      "integrity": "sha512-ZvFw1KWS3GVyYBYb7qkmRM/WwL2TQQBxgCK62rlvm4WpVQ23Nb4tYjApUlfjrEGvOs7KHEsmyUn75OHZrJMWPw==",
      "dev": true
    },
    "showdown": {
      "version": "2.1.0",
      "resolved": "https://registry.npmjs.org/showdown/-/showdown-2.1.0.tgz",
      "integrity": "sha512-/6NVYu4U819R2pUIk79n67SYgJHWCce0a5xTP979WbNp0FL9MN1I1QK662IDU1b6JzKTvmhgI7T7JYIxBi3kMQ==",
      "dev": true,
      "requires": {
        "commander": "^9.0.0"
      }
    },
    "string-to-template-literal": {
      "version": "2.0.0",
      "resolved": "https://registry.npmjs.org/string-to-template-literal/-/string-to-template-literal-2.0.0.tgz",
      "integrity": "sha512-AbTUWHXMyoRlTFP9qe013dfGTFq1XbcBLUoLC7PcumbJewtUwNXCvnko5cH2gZkUFC7kD2Fwxiv4YIndkU0xHA==",
      "dev": true
    },
    "uglifycss": {
      "version": "0.0.29",
      "resolved": "https://registry.npmjs.org/uglifycss/-/uglifycss-0.0.29.tgz",
      "integrity": "sha512-J2SQ2QLjiknNGbNdScaNZsXgmMGI0kYNrXaDlr4obnPW9ni1jljb1NeEVWAiTgZ8z+EBWP2ozfT9vpy03rjlMQ==",
      "dev": true
    }
  }
}
