{
  "name": "e-thesaurus-ui",
  "version": "0.0.1",
  "lockfileVersion": 2,
  "requires": true,
  "packages": {
    "": {
      "name": "e-thesaurus-ui",
      "version": "0.0.1",
      "license": "Apache-2.0",
      "devDependencies": {
        "lit-css-loader": "^2.0.0"
      }
    },
    "node_modules/@pwrs/lit-css": {
      "version": "2.0.0",
      "resolved": "https://registry.npmjs.org/@pwrs/lit-css/-/lit-css-2.0.0.tgz",
      "integrity": "sha512-Yb2Q+7ZlCfdCbQ4tvlpQ9uzwB2yc340fdEoeUu2FdO3w6z4+YLPQAPerV1XA8uFxQtSn88nCW4kH+J0TVL3Iyg==",
      "dev": true,
      "dependencies": {
        "string-to-template-literal": "^2.0.0",
        "uglifycss": "^0.0.29"
      }
    },
    "node_modules/lit-css-loader": {
      "version": "2.0.0",
      "resolved": "https://registry.npmjs.org/lit-css-loader/-/lit-css-loader-2.0.0.tgz",
      "integrity": "sha512-YFpwcBunB6AfW83JafNl4amSfwgkvzaz+CZnDOM61efmo2biCoqbWy0TBdc1wBZ4xIatLi56+uHybNXDY1QsFg==",
      "dev": true,
      "dependencies": {
        "@pwrs/lit-css": "^2.0.0",
        "loader-utils": "^3.2.0"
      }
    },
    "node_modules/loader-utils": {
      "version": "3.2.1",
      "resolved": "https://registry.npmjs.org/loader-utils/-/loader-utils-3.2.1.tgz",
      "integrity": "sha512-ZvFw1KWS3GVyYBYb7qkmRM/WwL2TQQBxgCK62rlvm4WpVQ23Nb4tYjApUlfjrEGvOs7KHEsmyUn75OHZrJMWPw==",
      "dev": true,
      "engines": {
        "node": ">= 12.13.0"
      }
    },
    "node_modules/string-to-template-literal": {
      "version": "2.0.0",
      "resolved": "https://registry.npmjs.org/string-to-template-literal/-/string-to-template-literal-2.0.0.tgz",
      "integrity": "sha512-AbTUWHXMyoRlTFP9qe013dfGTFq1XbcBLUoLC7PcumbJewtUwNXCvnko5cH2gZkUFC7kD2Fwxiv4YIndkU0xHA==",
      "dev": true,
      "engines": {
        "node": ">=12.0.0"
      }
    },
    "node_modules/uglifycss": {
      "version": "0.0.29",
      "resolved": "https://registry.npmjs.org/uglifycss/-/uglifycss-0.0.29.tgz",
      "integrity": "sha512-J2SQ2QLjiknNGbNdScaNZsXgmMGI0kYNrXaDlr4obnPW9ni1jljb1NeEVWAiTgZ8z+EBWP2ozfT9vpy03rjlMQ==",
      "dev": true,
      "bin": {
        "uglifycss": "uglifycss"
      },
      "engines": {
        "node": ">=6.4.0"
      }
    }
  },
  "dependencies": {
    "@pwrs/lit-css": {
      "version": "2.0.0",
      "resolved": "https://registry.npmjs.org/@pwrs/lit-css/-/lit-css-2.0.0.tgz",
      "integrity": "sha512-Yb2Q+7ZlCfdCbQ4tvlpQ9uzwB2yc340fdEoeUu2FdO3w6z4+YLPQAPerV1XA8uFxQtSn88nCW4kH+J0TVL3Iyg==",
      "dev": true,
      "requires": {
        "string-to-template-literal": "^2.0.0",
        "uglifycss": "^0.0.29"
      }
    },
    "lit-css-loader": {
      "version": "2.0.0",
      "resolved": "https://registry.npmjs.org/lit-css-loader/-/lit-css-loader-2.0.0.tgz",
      "integrity": "sha512-YFpwcBunB6AfW83JafNl4amSfwgkvzaz+CZnDOM61efmo2biCoqbWy0TBdc1wBZ4xIatLi56+uHybNXDY1QsFg==",
      "dev": true,
      "requires": {
        "@pwrs/lit-css": "^2.0.0",
        "loader-utils": "^3.2.0"
      }
    },
    "loader-utils": {
      "version": "3.2.1",
      "resolved": "https://registry.npmjs.org/loader-utils/-/loader-utils-3.2.1.tgz",
      "integrity": "sha512-ZvFw1KWS3GVyYBYb7qkmRM/WwL2TQQBxgCK62rlvm4WpVQ23Nb4tYjApUlfjrEGvOs7KHEsmyUn75OHZrJMWPw==",
      "dev": true
    },
    "string-to-template-literal": {
      "version": "2.0.0",
      "resolved": "https://registry.npmjs.org/string-to-template-literal/-/string-to-template-literal-2.0.0.tgz",
      "integrity": "sha512-AbTUWHXMyoRlTFP9qe013dfGTFq1XbcBLUoLC7PcumbJewtUwNXCvnko5cH2gZkUFC7kD2Fwxiv4YIndkU0xHA==",
      "dev": true
    },
    "uglifycss": {
      "version": "0.0.29",
      "resolved": "https://registry.npmjs.org/uglifycss/-/uglifycss-0.0.29.tgz",
      "integrity": "sha512-J2SQ2QLjiknNGbNdScaNZsXgmMGI0kYNrXaDlr4obnPW9ni1jljb1NeEVWAiTgZ8z+EBWP2ozfT9vpy03rjlMQ==",
      "dev": true
    }
  }
}
